
Microsoft Visual Studio Solution File, Format Version 12.00
# Visual Studio 15
VisualStudioVersion = 15.0.28010.2036
MinimumVisualStudioVersion = 10.0.40219.1
Project("{888888A0-9F3D-457C-B088-3A5042F75D52}") = "DjangoWebProject", "DjangoWebProject\DjangoWebProject.pyproj", "{0E190455-7496-4584-B88A-C688BE2F8185}"
EndProject
Global
	GlobalSection(SolutionConfigurationPlatforms) = preSolution
		Debug|Any CPU = Debug|Any CPU
		Release|Any CPU = Release|Any CPU
	EndGlobalSection
	GlobalSection(ProjectConfigurationPlatforms) = postSolution
		{0E190455-7496-4584-B88A-C688BE2F8185}.Debug|Any CPU.ActiveCfg = Debug|Any CPU
		{0E190455-7496-4584-B88A-C688BE2F8185}.Debug|Any CPU.Build.0 = Debug|Any CPU
		{0E190455-7496-4584-B88A-C688BE2F8185}.Release|Any CPU.ActiveCfg = Release|Any CPU
		{0E190455-7496-4584-B88A-C688BE2F8185}.Release|Any CPU.Build.0 = Release|Any CPU
	EndGlobalSection
	GlobalSection(SolutionProperties) = preSolution
		HideSolutionNode = FALSE
	EndGlobalSection
	GlobalSection(ExtensibilityGlobals) = postSolution
		SolutionGuid = {5DA41A2F-91CE-414B-9C2B-80B60B0CB5C1}
	EndGlobalSection
EndGlobal
